
Microsoft Visual Studio Solution File, Format Version 12.00
# Visual Studio Version 17
VisualStudioVersion = 17.2.32519.379
MinimumVisualStudioVersion = 10.0.40219.1
Project("{FAE04EC0-301F-11D3-BF4B-00C04F79EFBC}") = "prySandrinIE", "prySandrinIE\prySandrinIE.csproj", "{ABDC080F-B113-4B16-96C1-C523320710FB}"
EndProject
Global
	GlobalSection(SolutionConfigurationPlatforms) = preSolution
		Debug|Any CPU = Debug|Any CPU
		Release|Any CPU = Release|Any CPU
	EndGlobalSection
	GlobalSection(ProjectConfigurationPlatforms) = postSolution
		{ABDC080F-B113-4B16-96C1-C523320710FB}.Debug|Any CPU.ActiveCfg = Debug|Any CPU
		{ABDC080F-B113-4B16-96C1-C523320710FB}.Debug|Any CPU.Build.0 = Debug|Any CPU
		{ABDC080F-B113-4B16-96C1-C523320710FB}.Release|Any CPU.ActiveCfg = Release|Any CPU
		{ABDC080F-B113-4B16-96C1-C523320710FB}.Release|Any CPU.Build.0 = Release|Any CPU
	EndGlobalSection
	GlobalSection(SolutionProperties) = preSolution
		HideSolutionNode = FALSE
	EndGlobalSection
	GlobalSection(ExtensibilityGlobals) = postSolution
		SolutionGuid = {A354A12E-502C-4E95-BFAA-374222480FFC}
	EndGlobalSection
EndGlobal
